{
  "version": 4,
  "terraform_version": "1.10.2",
  "serial": 85,
  "lineage": "505bb69e-63ca-4666-4e83-89deb2dd9b7f",
  "outputs": {
    "public_ip_address": {
      "value": "abele-vm: 52.170.18.140",
      "type": "string"
    }
  },
  "resources": [
    {
      "mode": "data",
      "type": "azurerm_public_ip",
      "name": "abele-ip-data",
      "provider": "provider[\"registry.terraform.io/hashicorp/azurerm\"]",
      "instances": [
        {
          "schema_version": 0,
          "attributes": {
            "allocation_method": "Dynamic",
            "ddos_protection_mode": "VirtualNetworkInherited",
            "ddos_protection_plan_id": null,
            "domain_name_label": "",
            "fqdn": "",
            "id": "/subscriptions/b7f30b5d-3efd-45ad-9985-8824b8e55919/resourceGroups/abele-resources/providers/Microsoft.Network/publicIPAddresses/abele-ip",
            "idle_timeout_in_minutes": 4,
            "ip_address": "52.170.18.140",
            "ip_tags": {},
            "ip_version": "IPv4",
            "location": "eastus",
            "name": "abele-ip",
            "resource_group_name": "abele-resources",
            "reverse_fqdn": "",
            "sku": "Basic",
            "tags": {
              "environment": "dev"
            },
            "timeouts": null,
            "zones": []
          },
          "sensitive_attributes": []
        }
      ]
    },
    {
      "mode": "managed",
      "type": "azurerm_linux_virtual_machine",
      "name": "abele-vm",
      "provider": "provider[\"registry.terraform.io/hashicorp/azurerm\"]",
      "instances": [
        {
          "schema_version": 0,
          "attributes": {
            "additional_capabilities": [],
            "admin_password": null,
            "admin_ssh_key": [
              {
                "public_key": "ssh-rsa AAAAB3NzaC1yc2EAAAADAQABAAABgQDI0Y/q9Kq5csXY3UWKCqoWV4JajvXm3i8qk7zUhkzeiXbDtSAEtYP0nKrl6+ePmnNs2Im4Qzh3Jh42zbYThanVsTwoI3cp2UjdqB7T6AERf1MdyoQ8g0yantBb3pcc3EMsLEq9Ro99Jh7fSTgGfiZEhNqxnzPy5+g/H1MKpI6/+cy/HU9LhAeZxVIJljYsq7DqAMozGv9heUgBEqXalEVcevecZKLlrMs0yJy+ev+Mxfc3WAPMiXARYjNxCGJOogqtnY4hP198nR5Tnh3KILkO08YOdh5RPYaFLLqHYfMdFT/094KdGIeGppvCluQ85fRPlhqY7Zv1iV6stvqT498ASKgYJz5TB0WKtNEDQjJH7HqCPNI4fy042xEj9pJqnlxNzY3dqtR6KpvOAli2giNgveizQbsMrZ+DEiMIqy7bg3S3rGDG4qNvNMWuJhCYyIAxxSQrryW3yUc73DfAmtfz3j0VG4Xtb5mUPABaykmXSLM4gNfGFveNnjb7zO42aR8= nanyd@Hommie\r\n",
                "username": "adminuser"
              }
            ],
            "admin_username": "adminuser",
            "allow_extension_operations": true,
            "availability_set_id": "",
            "boot_diagnostics": [],
            "bypass_platform_safety_checks_on_user_schedule_enabled": false,
            "capacity_reservation_group_id": "",
            "computer_name": "abele-vm",
            "custom_data": "IyEvYmluL2Jhc2gNCg0KIyBFeGl0IGltbWVkaWF0ZWx5IGlmIGEgY29tbWFuZCBleGl0cyB3aXRoIGEgbm9uLXplcm8gc3RhdHVzDQpzZXQgLWUNCg0KZWNobyAiVXBkYXRpbmcgdGhlIHBhY2thZ2UgaW5kZXguLi4iDQpzdWRvIGFwdC1nZXQgdXBkYXRlDQoNCmVjaG8gIkluc3RhbGxpbmcgcHJlcmVxdWlzaXRlcy4uLiINCnN1ZG8gYXB0LWdldCBpbnN0YWxsIC15IFwNCiAgICBhcHQtdHJhbnNwb3J0LWh0dHBzIFwNCiAgICBjYS1jZXJ0aWZpY2F0ZXMgXA0KICAgIGN1cmwgXA0KICAgIHNvZnR3YXJlLXByb3BlcnRpZXMtY29tbW9uIFwNCiAgICBnbnVwZw0KDQplY2hvICJBZGRpbmcgRG9ja2VyJ3Mgb2ZmaWNpYWwgR1BHIGtleS4uLiINCmN1cmwgLWZzU0wgaHR0cHM6Ly9kb3dubG9hZC5kb2NrZXIuY29tL2xpbnV4L3VidW50dS9ncGcgfCBzdWRvIGdwZyAtLWRlYXJtb3IgLW8gL3Vzci9zaGFyZS9rZXlyaW5ncy9kb2NrZXItYXJjaGl2ZS1rZXlyaW5nLmdwZw0KDQplY2hvICJTZXR0aW5nIHVwIHRoZSBzdGFibGUgRG9ja2VyIHJlcG9zaXRvcnkuLi4iDQplY2hvIFwNCiAgImRlYiBbYXJjaD0kKGRwa2cgLS1wcmludC1hcmNoaXRlY3R1cmUpIHNpZ25lZC1ieT0vdXNyL3NoYXJlL2tleXJpbmdzL2RvY2tlci1hcmNoaXZlLWtleXJpbmcuZ3BnXSBodHRwczovL2Rvd25sb2FkLmRvY2tlci5jb20vbGludXgvdWJ1bnR1IFwNCiAgJChsc2JfcmVsZWFzZSAtY3MpIHN0YWJsZSIgfCBzdWRvIHRlZSAvZXRjL2FwdC9zb3VyY2VzLmxpc3QuZC9kb2NrZXIubGlzdCA+IC9kZXYvbnVsbA0KDQplY2hvICJVcGRhdGluZyB0aGUgcGFja2FnZSBpbmRleCBhZ2FpbiB0byBpbmNsdWRlIERvY2tlciBwYWNrYWdlcy4uLiINCnN1ZG8gYXB0LWdldCB1cGRhdGUNCg0KZWNobyAiSW5zdGFsbGluZyBEb2NrZXIgRW5naW5lLCBDTEksIGFuZCBjb250YWluZXJkLmlvLi4uIg0Kc3VkbyBhcHQtZ2V0IGluc3RhbGwgLXkgZG9ja2VyLWNlIGRvY2tlci1jZS1jbGkgY29udGFpbmVyZC5pbw0KDQplY2hvICJWZXJpZnlpbmcgRG9ja2VyIGluc3RhbGxhdGlvbi4uLiINCnN1ZG8gZG9ja2VyIC0tdmVyc2lvbg0KDQplY2hvICJBZGRpbmcgeW91ciB1c2VyIHRvIHRoZSBkb2NrZXIgZ3JvdXAgKG9wdGlvbmFsKS4uLiINCnN1ZG8gdXNlcm1vZCAtYUcgZG9ja2VyICRVU0VS",
            "dedicated_host_group_id": "",
            "dedicated_host_id": "",
            "disable_password_authentication": true,
            "disk_controller_type": "",
            "edge_zone": "",
            "encryption_at_host_enabled": false,
            "eviction_policy": "",
            "extensions_time_budget": "PT1H30M",
            "gallery_application": [],
            "id": "/subscriptions/b7f30b5d-3efd-45ad-9985-8824b8e55919/resourceGroups/abele-resources/providers/Microsoft.Compute/virtualMachines/abele-vm",
            "identity": [],
            "license_type": "",
            "location": "eastus",
            "max_bid_price": -1,
            "name": "abele-vm",
            "network_interface_ids": [
              "/subscriptions/b7f30b5d-3efd-45ad-9985-8824b8e55919/resourceGroups/abele-resources/providers/Microsoft.Network/networkInterfaces/abele-nic"
            ],
            "os_disk": [
              {
                "caching": "ReadWrite",
                "diff_disk_settings": [],
                "disk_encryption_set_id": "",
                "disk_size_gb": 30,
                "name": "abele-vm_OsDisk_1_13d9c265e190491391c9511de9e5a8ba",
                "secure_vm_disk_encryption_set_id": "",
                "security_encryption_type": "",
                "storage_account_type": "Standard_LRS",
                "write_accelerator_enabled": false
              }
            ],
            "os_image_notification": [],
            "patch_assessment_mode": "ImageDefault",
            "patch_mode": "ImageDefault",
            "plan": [],
            "platform_fault_domain": -1,
            "priority": "Regular",
            "private_ip_address": "10.123.1.4",
            "private_ip_addresses": [
              "10.123.1.4"
            ],
            "provision_vm_agent": true,
            "proximity_placement_group_id": "",
            "public_ip_address": "52.170.18.140",
            "public_ip_addresses": [
              "52.170.18.140"
            ],
            "reboot_setting": "",
            "resource_group_name": "abele-resources",
            "secret": [],
            "secure_boot_enabled": false,
            "size": "Standard_B1s",
            "source_image_id": "",
            "source_image_reference": [
              {
                "offer": "0001-com-ubuntu-server-jammy",
                "publisher": "Canonical",
                "sku": "22_04-lts",
                "version": "latest"
              }
            ],
            "tags": {
              "environment": "dev"
            },
            "termination_notification": [],
            "timeouts": null,
            "user_data": "",
            "virtual_machine_id": "4e60b50b-d264-44c4-8ebc-4ee0985ceef8",
            "virtual_machine_scale_set_id": "",
            "vm_agent_platform_updates_enabled": false,
            "vtpm_enabled": false,
            "zone": ""
          },
          "sensitive_attributes": [
            [
              {
                "type": "get_attr",
                "value": "custom_data"
              }
            ],
            [
              {
                "type": "get_attr",
                "value": "admin_password"
              }
            ]
          ],
          "private": "eyJlMmJmYjczMC1lY2FhLTExZTYtOGY4OC0zNDM2M2JjN2M0YzAiOnsiY3JlYXRlIjoyNzAwMDAwMDAwMDAwLCJkZWxldGUiOjI3MDAwMDAwMDAwMDAsInJlYWQiOjMwMDAwMDAwMDAwMCwidXBkYXRlIjoyNzAwMDAwMDAwMDAwfX0=",
          "dependencies": [
            "azurerm_network_interface.abele-nic",
            "azurerm_public_ip.abele-ip",
            "azurerm_resource_group.abele-rg",
            "azurerm_subnet.abele-subnet",
            "azurerm_virtual_network.abele-vn"
          ]
        }
      ]
    },
    {
      "mode": "managed",
      "type": "azurerm_network_interface",
      "name": "abele-nic",
      "provider": "provider[\"registry.terraform.io/hashicorp/azurerm\"]",
      "instances": [
        {
          "schema_version": 0,
          "attributes": {
            "accelerated_networking_enabled": false,
            "applied_dns_servers": [],
            "auxiliary_mode": "",
            "auxiliary_sku": "",
            "dns_servers": [],
            "edge_zone": "",
            "id": "/subscriptions/b7f30b5d-3efd-45ad-9985-8824b8e55919/resourceGroups/abele-resources/providers/Microsoft.Network/networkInterfaces/abele-nic",
            "internal_dns_name_label": "",
            "internal_domain_name_suffix": "",
            "ip_configuration": [
              {
                "gateway_load_balancer_frontend_ip_configuration_id": "",
                "name": "internal",
                "primary": true,
                "private_ip_address": "10.123.1.4",
                "private_ip_address_allocation": "Dynamic",
                "private_ip_address_version": "IPv4",
                "public_ip_address_id": "/subscriptions/b7f30b5d-3efd-45ad-9985-8824b8e55919/resourceGroups/abele-resources/providers/Microsoft.Network/publicIPAddresses/abele-ip",
                "subnet_id": "/subscriptions/b7f30b5d-3efd-45ad-9985-8824b8e55919/resourceGroups/abele-resources/providers/Microsoft.Network/virtualNetworks/abele-network/subnets/abele-subnet"
              }
            ],
            "ip_forwarding_enabled": false,
            "location": "eastus",
            "mac_address": "7C-1E-52-18-F6-2E",
            "name": "abele-nic",
            "private_ip_address": "10.123.1.4",
            "private_ip_addresses": [
              "10.123.1.4"
            ],
            "resource_group_name": "abele-resources",
            "tags": {
              "environment": "dev"
            },
            "timeouts": null,
            "virtual_machine_id": "/subscriptions/b7f30b5d-3efd-45ad-9985-8824b8e55919/resourceGroups/abele-resources/providers/Microsoft.Compute/virtualMachines/abele-vm"
          },
          "sensitive_attributes": [],
          "private": "eyJlMmJmYjczMC1lY2FhLTExZTYtOGY4OC0zNDM2M2JjN2M0YzAiOnsiY3JlYXRlIjoxODAwMDAwMDAwMDAwLCJkZWxldGUiOjE4MDAwMDAwMDAwMDAsInJlYWQiOjMwMDAwMDAwMDAwMCwidXBkYXRlIjoxODAwMDAwMDAwMDAwfX0=",
          "dependencies": [
            "azurerm_public_ip.abele-ip",
            "azurerm_resource_group.abele-rg",
            "azurerm_subnet.abele-subnet",
            "azurerm_virtual_network.abele-vn"
          ]
        }
      ]
    },
    {
      "mode": "managed",
      "type": "azurerm_network_security_group",
      "name": "abele-nsg",
      "provider": "provider[\"registry.terraform.io/hashicorp/azurerm\"]",
      "instances": [
        {
          "schema_version": 0,
          "attributes": {
            "id": "/subscriptions/b7f30b5d-3efd-45ad-9985-8824b8e55919/resourceGroups/abele-resources/providers/Microsoft.Network/networkSecurityGroups/abele-nsg",
            "location": "eastus",
            "name": "abele-nsg",
            "resource_group_name": "abele-resources",
            "security_rule": [
              {
                "access": "Allow",
                "description": "",
                "destination_address_prefix": "*",
                "destination_address_prefixes": [],
                "destination_application_security_group_ids": [],
                "destination_port_range": "*",
                "destination_port_ranges": [],
                "direction": "Inbound",
                "name": "abele-dev-rule",
                "priority": 100,
                "protocol": "*",
                "source_address_prefix": "*",
                "source_address_prefixes": [],
                "source_application_security_group_ids": [],
                "source_port_range": "*",
                "source_port_ranges": []
              }
            ],
            "tags": {
              "environment": "dev"
            },
            "timeouts": null
          },
          "sensitive_attributes": [],
          "private": "eyJlMmJmYjczMC1lY2FhLTExZTYtOGY4OC0zNDM2M2JjN2M0YzAiOnsiY3JlYXRlIjoxODAwMDAwMDAwMDAwLCJkZWxldGUiOjE4MDAwMDAwMDAwMDAsInJlYWQiOjMwMDAwMDAwMDAwMCwidXBkYXRlIjoxODAwMDAwMDAwMDAwfX0=",
          "dependencies": [
            "azurerm_resource_group.abele-rg"
          ]
        }
      ]
    },
    {
      "mode": "managed",
      "type": "azurerm_network_security_rule",
      "name": "abele-dev-rule",
      "provider": "provider[\"registry.terraform.io/hashicorp/azurerm\"]",
      "instances": [
        {
          "schema_version": 0,
          "attributes": {
            "access": "Allow",
            "description": "",
            "destination_address_prefix": "*",
            "destination_address_prefixes": [],
            "destination_application_security_group_ids": [],
            "destination_port_range": "*",
            "destination_port_ranges": [],
            "direction": "Inbound",
            "id": "/subscriptions/b7f30b5d-3efd-45ad-9985-8824b8e55919/resourceGroups/abele-resources/providers/Microsoft.Network/networkSecurityGroups/abele-nsg/securityRules/abele-dev-rule",
            "name": "abele-dev-rule",
            "network_security_group_name": "abele-nsg",
            "priority": 100,
            "protocol": "*",
            "resource_group_name": "abele-resources",
            "source_address_prefix": "*",
            "source_address_prefixes": [],
            "source_application_security_group_ids": [],
            "source_port_range": "*",
            "source_port_ranges": [],
            "timeouts": null
          },
          "sensitive_attributes": [],
          "private": "eyJlMmJmYjczMC1lY2FhLTExZTYtOGY4OC0zNDM2M2JjN2M0YzAiOnsiY3JlYXRlIjoxODAwMDAwMDAwMDAwLCJkZWxldGUiOjE4MDAwMDAwMDAwMDAsInJlYWQiOjMwMDAwMDAwMDAwMCwidXBkYXRlIjoxODAwMDAwMDAwMDAwfX0=",
          "dependencies": [
            "azurerm_network_security_group.abele-nsg",
            "azurerm_resource_group.abele-rg"
          ]
        }
      ]
    },
    {
      "mode": "managed",
      "type": "azurerm_public_ip",
      "name": "abele-ip",
      "provider": "provider[\"registry.terraform.io/hashicorp/azurerm\"]",
      "instances": [
        {
          "schema_version": 0,
          "attributes": {
            "allocation_method": "Dynamic",
            "ddos_protection_mode": "VirtualNetworkInherited",
            "ddos_protection_plan_id": null,
            "domain_name_label": null,
            "domain_name_label_scope": null,
            "edge_zone": "",
            "fqdn": null,
            "id": "/subscriptions/b7f30b5d-3efd-45ad-9985-8824b8e55919/resourceGroups/abele-resources/providers/Microsoft.Network/publicIPAddresses/abele-ip",
            "idle_timeout_in_minutes": 4,
            "ip_address": "52.170.18.140",
            "ip_tags": {},
            "ip_version": "IPv4",
            "location": "eastus",
            "name": "abele-ip",
            "public_ip_prefix_id": null,
            "resource_group_name": "abele-resources",
            "reverse_fqdn": null,
            "sku": "Basic",
            "sku_tier": "Regional",
            "tags": {
              "environment": "dev"
            },
            "timeouts": null,
            "zones": []
          },
          "sensitive_attributes": [],
          "private": "eyJlMmJmYjczMC1lY2FhLTExZTYtOGY4OC0zNDM2M2JjN2M0YzAiOnsiY3JlYXRlIjoxODAwMDAwMDAwMDAwLCJkZWxldGUiOjE4MDAwMDAwMDAwMDAsInJlYWQiOjMwMDAwMDAwMDAwMCwidXBkYXRlIjoxODAwMDAwMDAwMDAwfX0=",
          "dependencies": [
            "azurerm_resource_group.abele-rg"
          ]
        }
      ]
    },
    {
      "mode": "managed",
      "type": "azurerm_resource_group",
      "name": "abele-rg",
      "provider": "provider[\"registry.terraform.io/hashicorp/azurerm\"]",
      "instances": [
        {
          "schema_version": 0,
          "attributes": {
            "id": "/subscriptions/b7f30b5d-3efd-45ad-9985-8824b8e55919/resourceGroups/abele-resources",
            "location": "eastus",
            "managed_by": "",
            "name": "abele-resources",
            "tags": {
              "environment": "dev"
            },
            "timeouts": null
          },
          "sensitive_attributes": [],
          "private": "eyJlMmJmYjczMC1lY2FhLTExZTYtOGY4OC0zNDM2M2JjN2M0YzAiOnsiY3JlYXRlIjo1NDAwMDAwMDAwMDAwLCJkZWxldGUiOjU0MDAwMDAwMDAwMDAsInJlYWQiOjMwMDAwMDAwMDAwMCwidXBkYXRlIjo1NDAwMDAwMDAwMDAwfX0="
        }
      ]
    },
    {
      "mode": "managed",
      "type": "azurerm_subnet",
      "name": "abele-subnet",
      "provider": "provider[\"registry.terraform.io/hashicorp/azurerm\"]",
      "instances": [
        {
          "schema_version": 0,
          "attributes": {
            "address_prefixes": [
              "10.123.1.0/24"
            ],
            "default_outbound_access_enabled": true,
            "delegation": [],
            "id": "/subscriptions/b7f30b5d-3efd-45ad-9985-8824b8e55919/resourceGroups/abele-resources/providers/Microsoft.Network/virtualNetworks/abele-network/subnets/abele-subnet",
            "name": "abele-subnet",
            "private_endpoint_network_policies": "Disabled",
            "private_link_service_network_policies_enabled": true,
            "resource_group_name": "abele-resources",
            "service_endpoint_policy_ids": [],
            "service_endpoints": [],
            "timeouts": null,
            "virtual_network_name": "abele-network"
          },
          "sensitive_attributes": [],
          "private": "eyJlMmJmYjczMC1lY2FhLTExZTYtOGY4OC0zNDM2M2JjN2M0YzAiOnsiY3JlYXRlIjoxODAwMDAwMDAwMDAwLCJkZWxldGUiOjE4MDAwMDAwMDAwMDAsInJlYWQiOjMwMDAwMDAwMDAwMCwidXBkYXRlIjoxODAwMDAwMDAwMDAwfX0=",
          "dependencies": [
            "azurerm_resource_group.abele-rg",
            "azurerm_virtual_network.abele-vn"
          ]
        }
      ]
    },
    {
      "mode": "managed",
      "type": "azurerm_subnet_network_security_group_association",
      "name": "sga",
      "provider": "provider[\"registry.terraform.io/hashicorp/azurerm\"]",
      "instances": [
        {
          "schema_version": 0,
          "attributes": {
            "id": "/subscriptions/b7f30b5d-3efd-45ad-9985-8824b8e55919/resourceGroups/abele-resources/providers/Microsoft.Network/virtualNetworks/abele-network/subnets/abele-subnet",
            "network_security_group_id": "/subscriptions/b7f30b5d-3efd-45ad-9985-8824b8e55919/resourceGroups/abele-resources/providers/Microsoft.Network/networkSecurityGroups/abele-nsg",
            "subnet_id": "/subscriptions/b7f30b5d-3efd-45ad-9985-8824b8e55919/resourceGroups/abele-resources/providers/Microsoft.Network/virtualNetworks/abele-network/subnets/abele-subnet",
            "timeouts": null
          },
          "sensitive_attributes": [],
          "private": "eyJlMmJmYjczMC1lY2FhLTExZTYtOGY4OC0zNDM2M2JjN2M0YzAiOnsiY3JlYXRlIjoxODAwMDAwMDAwMDAwLCJkZWxldGUiOjE4MDAwMDAwMDAwMDAsInJlYWQiOjMwMDAwMDAwMDAwMH19",
          "dependencies": [
            "azurerm_network_security_group.abele-nsg",
            "azurerm_resource_group.abele-rg",
            "azurerm_subnet.abele-subnet",
            "azurerm_virtual_network.abele-vn"
          ]
        }
      ]
    },
    {
      "mode": "managed",
      "type": "azurerm_virtual_network",
      "name": "abele-vn",
      "provider": "provider[\"registry.terraform.io/hashicorp/azurerm\"]",
      "instances": [
        {
          "schema_version": 0,
          "attributes": {
            "address_space": [
              "10.123.0.0/16"
            ],
            "bgp_community": "",
            "ddos_protection_plan": [],
            "dns_servers": [],
            "edge_zone": "",
            "encryption": [],
            "flow_timeout_in_minutes": 0,
            "guid": "e289341a-9f50-451c-88c4-1c6c49b6b25c",
            "id": "/subscriptions/b7f30b5d-3efd-45ad-9985-8824b8e55919/resourceGroups/abele-resources/providers/Microsoft.Network/virtualNetworks/abele-network",
            "location": "eastus",
            "name": "abele-network",
            "resource_group_name": "abele-resources",
            "subnet": [
              {
                "address_prefixes": [
                  "10.123.1.0/24"
                ],
                "default_outbound_access_enabled": true,
                "delegation": [],
                "id": "/subscriptions/b7f30b5d-3efd-45ad-9985-8824b8e55919/resourceGroups/abele-resources/providers/Microsoft.Network/virtualNetworks/abele-network/subnets/abele-subnet",
                "name": "abele-subnet",
                "private_endpoint_network_policies": "Disabled",
                "private_link_service_network_policies_enabled": true,
                "route_table_id": "",
                "security_group": "/subscriptions/b7f30b5d-3efd-45ad-9985-8824b8e55919/resourceGroups/abele-resources/providers/Microsoft.Network/networkSecurityGroups/abele-nsg",
                "service_endpoint_policy_ids": [],
                "service_endpoints": []
              }
            ],
            "tags": {
              "environment": "dev"
            },
            "timeouts": null
          },
          "sensitive_attributes": [],
          "private": "eyJlMmJmYjczMC1lY2FhLTExZTYtOGY4OC0zNDM2M2JjN2M0YzAiOnsiY3JlYXRlIjoxODAwMDAwMDAwMDAwLCJkZWxldGUiOjE4MDAwMDAwMDAwMDAsInJlYWQiOjMwMDAwMDAwMDAwMCwidXBkYXRlIjoxODAwMDAwMDAwMDAwfX0=",
          "dependencies": [
            "azurerm_resource_group.abele-rg"
          ]
        }
      ]
    }
  ],
  "check_results": null
}
